<?xml version="1.0" encoding="utf-8"?>
<Project ToolsVersion="4.0" xmlns="http://schemas.microsoft.com/developer/msbuild/2003">
  <ItemGroup>
    <Filter Include="Global to All Extensions">
      <UniqueIdentifier>{ebafc659-1983-47af-92e7-b07cf7e41834}</UniqueIdentifier>
    </Filter>
    <Filter Include="Global to All Extensions\Edif">
      <UniqueIdentifier>{0b3c1e05-3b60-4a56-9f1c-7339198eb92e}</UniqueIdentifier>
    </Filter>
    <Filter Include="Global to All Extensions\Edif\json">
      <UniqueIdentifier>{723be75e-83c8-4ace-aaa4-133c80051794}</UniqueIdentifier>
    </Filter>
    <Filter Include="Global to All Extensions\Edif\Riggs">
      <UniqueIdentifier>{56697096-5ef8-4f2d-8f17-df455dd4feff}</UniqueIdentifier>
    </Filter>
    <Filter Include="Global to All Extensions\Fusion SDK">
      <UniqueIdentifier>{99cc4bc0-4dd4-4b8e-a72b-a470b9cc7d7d}</UniqueIdentifier>
    </Filter>
    <Filter Include="Global to All Extensions\Fusion SDK\Filters">
      <UniqueIdentifier>{10042b05-60f4-4a65-aeb5-4d04bede5435}</UniqueIdentifier>
    </Filter>
    <Filter Include="Global to All Extensions\Fusion SDK\Filters\Images">
      <UniqueIdentifier>{29bf3fad-2efe-4f42-a53e-0254b71675bc}</UniqueIdentifier>
    </Filter>
    <Filter Include="Global to All Extensions\Fusion SDK\Filters\Sound">
      <UniqueIdentifier>{597310cb-6684-4ea0-bace-49a6e8e8e21d}</UniqueIdentifier>
    </Filter>
    <Filter Include="This Extension">
      <UniqueIdentifier>{56e7e18b-9e37-4c1f-9fb5-c4cd055ad489}</UniqueIdentifier>
    </Filter>
    <Filter Include="This Extension\Resource Files">
      <UniqueIdentifier>{96725a34-ed34-4f33-a7ab-fe3be2fc7f38}</UniqueIdentifier>
      <Extensions>ico;cur;bmp;dlg;rc2;rct;bin;rgs;gif;jpg;jpeg;jpe</Extensions>
    </Filter>
    <Filter Include="This Extension\The Extension Class">
      <UniqueIdentifier>{e62d53bc-6bd9-4e41-bcb0-025b641cca6b}</UniqueIdentifier>
      <Extensions>h;hpp;hxx;hm;inl</Extensions>
    </Filter>
    <Filter Include="This Extension\Headers">
      <UniqueIdentifier>{4ff0c24c-d182-4d8e-b62b-c27c6dfbabb3}</UniqueIdentifier>
    </Filter>
  </ItemGroup>
  <ItemGroup>
    <ClInclude Include="..\..\Inc\EDStream.hpp">
      <Filter>Global to All Extensions</Filter>
    </ClInclude>
    <ClInclude Include="..\..\Inc\Edif.h">
      <Filter>Global to All Extensions\Edif</Filter>
    </ClInclude>
    <ClInclude Include="..\..\Inc\json.h">
      <Filter>Global to All Extensions\Edif\json</Filter>
    </ClInclude>
    <ClInclude Include="..\..\Inc\ObjectSelection.h">
      <Filter>Global to All Extensions\Edif\Riggs</Filter>
    </ClInclude>
    <ClInclude Include="..\..\Inc\Ccx.h">
      <Filter>Global to All Extensions\Fusion SDK</Filter>
    </ClInclude>
    <ClInclude Include="..\..\Inc\Ccxhdr.h">
      <Filter>Global to All Extensions\Fusion SDK</Filter>
    </ClInclude>
    <ClInclude Include="..\..\Inc\CfcError.h">
      <Filter>Global to All Extensions\Fusion SDK</Filter>
    </ClInclude>
    <ClInclude Include="..\..\Inc\CfcFile.h">
      <Filter>Global to All Extensions\Fusion SDK</Filter>
    </ClInclude>
    <ClInclude Include="..\..\Inc\Cncf.h">
      <Filter>Global to All Extensions\Fusion SDK</Filter>
    </ClInclude>
    <ClInclude Include="..\..\Inc\cncr.h">
      <Filter>Global to All Extensions\Fusion SDK</Filter>
    </ClInclude>
    <ClInclude Include="..\..\Inc\Cncy.h">
      <Filter>Global to All Extensions\Fusion SDK</Filter>
    </ClInclude>
    <ClInclude Include="..\..\Inc\Cnpdll.h">
      <Filter>Global to All Extensions\Fusion SDK</Filter>
    </ClInclude>
    <ClInclude Include="..\..\Inc\colors.h">
      <Filter>Global to All Extensions\Fusion SDK</Filter>
    </ClInclude>
    <ClInclude Include="..\..\Inc\EVTCCX.H">
      <Filter>Global to All Extensions\Fusion SDK</Filter>
    </ClInclude>
    <ClInclude Include="..\..\Inc\Fill.h">
      <Filter>Global to All Extensions\Fusion SDK</Filter>
    </ClInclude>
    <ClInclude Include="..\..\Inc\Palet.h">
      <Filter>Global to All Extensions\Fusion SDK</Filter>
    </ClInclude>
    <ClInclude Include="..\..\Inc\Patch.h">
      <Filter>Global to All Extensions\Fusion SDK</Filter>
    </ClInclude>
    <ClInclude Include="..\..\Inc\PictEdDefs.h">
      <Filter>Global to All Extensions\Fusion SDK</Filter>
    </ClInclude>
    <ClInclude Include="..\..\Inc\Props.h">
      <Filter>Global to All Extensions\Fusion SDK</Filter>
    </ClInclude>
    <ClInclude Include="..\..\Inc\PTYPE.H">
      <Filter>Global to All Extensions\Fusion SDK</Filter>
    </ClInclude>
    <ClInclude Include="..\..\Inc\Surface.h">
      <Filter>Global to All Extensions\Fusion SDK</Filter>
    </ClInclude>
    <ClInclude Include="..\..\Inc\WinMacro.h">
      <Filter>Global to All Extensions\Fusion SDK</Filter>
    </ClInclude>
    <ClInclude Include="..\..\Inc\FilterMgr.h">
      <Filter>Global to All Extensions\Fusion SDK\Filters</Filter>
    </ClInclude>
    <ClInclude Include="..\..\Inc\ImageFlt.h">
      <Filter>Global to All Extensions\Fusion SDK\Filters\Images</Filter>
    </ClInclude>
    <ClInclude Include="..\..\Inc\ImgFlt.h">
      <Filter>Global to All Extensions\Fusion SDK\Filters\Images</Filter>
    </ClInclude>
    <ClInclude Include="..\..\Inc\SoundFilter.h">
      <Filter>Global to All Extensions\Fusion SDK\Filters\Sound</Filter>
    </ClInclude>
    <ClInclude Include="..\..\Inc\SoundFilterMgr.h">
      <Filter>Global to All Extensions\Fusion SDK\Filters\Sound</Filter>
    </ClInclude>
    <ClInclude Include="Common.h">
      <Filter>This Extension</Filter>
    </ClInclude>
    <ClInclude Include="Resource.h">
      <Filter>This Extension\Resource Files</Filter>
    </ClInclude>
    <ClInclude Include="Extension.hpp">
      <Filter>This Extension\The Extension Class</Filter>
    </ClInclude>
    <ClInclude Include="Blowfish.h">
      <Filter>This Extension\Headers</Filter>
    </ClInclude>
  </ItemGroup>
  <ItemGroup>
    <ClCompile Include="..\..\Lib\Edif.cpp">
      <Filter>Global to All Extensions\Edif</Filter>
    </ClCompile>
    <ClCompile Include="..\..\Lib\Edif.Edittime.cpp">
      <Filter>Global to All Extensions\Edif</Filter>
    </ClCompile>
    <ClCompile Include="..\..\Lib\Edif.General.cpp">
      <Filter>Global to All Extensions\Edif</Filter>
    </ClCompile>
    <ClCompile Include="..\..\Lib\Edif.Runtime.cpp">
      <Filter>Global to All Extensions\Edif</Filter>
    </ClCompile>
    <ClCompile Include="..\..\Lib\json.c">
      <Filter>Global to All Extensions\Edif\json</Filter>
    </ClCompile>
    <ClCompile Include="..\..\Lib\ObjectSelection.cpp">
      <Filter>Global to All Extensions\Edif\Riggs</Filter>
    </ClCompile>
    <ClCompile Include="Edittime.cpp">
      <Filter>This Extension</Filter>
    </ClCompile>
    <ClCompile Include="General.cpp">
      <Filter>This Extension</Filter>
    </ClCompile>
    <ClCompile Include="Runtime.cpp">
      <Filter>This Extension</Filter>
    </ClCompile>
    <ClCompile Include="Expressions.cpp">
      <Filter>This Extension\The Extension Class</Filter>
    </ClCompile>
    <ClCompile Include="Extension.cpp">
      <Filter>This Extension\The Extension Class</Filter>
    </ClCompile>
    <ClCompile Include="Blowfish.cpp">
      <Filter>This Extension\The Extension Class</Filter>
    </ClCompile>
  </ItemGroup>
  <ItemGroup>
    <None Include="Ext.def">
      <Filter>This Extension</Filter>
    </None>
    <None Include="Ext.json">
      <Filter>This Extension\Resource Files</Filter>
    </None>
  </ItemGroup>
  <ItemGroup>
    <ResourceCompile Include="Ext.rc">
      <Filter>This Extension\Resource Files</Filter>
    </ResourceCompile>
  </ItemGroup>
  <ItemGroup>
    <Image Include="Icon.png">
      <Filter>This Extension\Resource Files</Filter>
    </Image>
  </ItemGroup>
</Project>