Microsoft Visual Studio Solution File, Format Version 12.00
# Visual Studio 2013
VisualStudioVersion = 12.0.31101.0
MinimumVisualStudioVersion = 10.0.40219.1
Project("{8BC9CEB8-8B4A-11D0-8D11-00A0C91BC942}") = "BlowfishCipher", "BlowfishCipher.vcxproj", "{3BCB4C73-71F6-43B6-803D-41411F92652A}"
EndProject
Project("{8BC9CEB8-8B4A-11D0-8D11-00A0C91BC942}") = "UnitTests", "UnitTests\UnitTests.vcxproj", "{0A446326-A30E-4B42-9665-DCFE01455E86}"
EndProject
Global
	GlobalSection(SolutionConfigurationPlatforms) = preSolution
		Debug HWA|Fusion-2.x = Debug HWA|Fusion-2.x
		Debug HWA|Mixed Platforms = Debug HWA|Mixed Platforms
		Debug HWA|Win32 = Debug HWA|Win32
		Debug Unicode|Fusion-2.x = Debug Unicode|Fusion-2.x
		Debug Unicode|Mixed Platforms = Debug Unicode|Mixed Platforms
		Debug Unicode|Win32 = Debug Unicode|Win32
		Debug|Fusion-2.x = Debug|Fusion-2.x
		Debug|Mixed Platforms = Debug|Mixed Platforms
		Debug|Win32 = Debug|Win32
		Edittime HWA|Fusion-2.x = Edittime HWA|Fusion-2.x
		Edittime HWA|Mixed Platforms = Edittime HWA|Mixed Platforms
		Edittime HWA|Win32 = Edittime HWA|Win32
		Edittime Unicode|Fusion-2.x = Edittime Unicode|Fusion-2.x
		Edittime Unicode|Mixed Platforms = Edittime Unicode|Mixed Platforms
		Edittime Unicode|Win32 = Edittime Unicode|Win32
		Edittime|Fusion-2.x = Edittime|Fusion-2.x
		Edittime|Mixed Platforms = Edittime|Mixed Platforms
		Edittime|Win32 = Edittime|Win32
		Release|Fusion-2.x = Release|Fusion-2.x
		Release|Mixed Platforms = Release|Mixed Platforms
		Release|Win32 = Release|Win32
		Runtime HWA|Fusion-2.x = Runtime HWA|Fusion-2.x
		Runtime HWA|Mixed Platforms = Runtime HWA|Mixed Platforms
		Runtime HWA|Win32 = Runtime HWA|Win32
		Runtime Unicode|Fusion-2.x = Runtime Unicode|Fusion-2.x
		Runtime Unicode|Mixed Platforms = Runtime Unicode|Mixed Platforms
		Runtime Unicode|Win32 = Runtime Unicode|Win32
		Runtime|Fusion-2.x = Runtime|Fusion-2.x
		Runtime|Mixed Platforms = Runtime|Mixed Platforms
		Runtime|Win32 = Runtime|Win32
	EndGlobalSection
	GlobalSection(ProjectConfigurationPlatforms) = postSolution
		{3BCB4C73-71F6-43B6-803D-41411F92652A}.Debug HWA|Fusion-2.x.ActiveCfg = Debug HWA|Win32
		{3BCB4C73-71F6-43B6-803D-41411F92652A}.Debug HWA|Fusion-2.x.Build.0 = Debug HWA|Win32
		{3BCB4C73-71F6-43B6-803D-41411F92652A}.Debug HWA|Mixed Platforms.ActiveCfg = Debug HWA|Win32
		{3BCB4C73-71F6-43B6-803D-41411F92652A}.Debug HWA|Mixed Platforms.Build.0 = Debug HWA|Win32
		{3BCB4C73-71F6-43B6-803D-41411F92652A}.Debug HWA|Win32.ActiveCfg = Debug HWA|Win32
		{3BCB4C73-71F6-43B6-803D-41411F92652A}.Debug HWA|Win32.Build.0 = Debug HWA|Win32
		{3BCB4C73-71F6-43B6-803D-41411F92652A}.Debug Unicode|Fusion-2.x.ActiveCfg = Debug Unicode|Win32
		{3BCB4C73-71F6-43B6-803D-41411F92652A}.Debug Unicode|Fusion-2.x.Build.0 = Debug Unicode|Win32
		{3BCB4C73-71F6-43B6-803D-41411F92652A}.Debug Unicode|Mixed Platforms.ActiveCfg = Debug Unicode|Win32
		{3BCB4C73-71F6-43B6-803D-41411F92652A}.Debug Unicode|Mixed Platforms.Build.0 = Debug Unicode|Win32
		{3BCB4C73-71F6-43B6-803D-41411F92652A}.Debug Unicode|Win32.ActiveCfg = Debug Unicode|Win32
		{3BCB4C73-71F6-43B6-803D-41411F92652A}.Debug Unicode|Win32.Build.0 = Debug Unicode|Win32
		{3BCB4C73-71F6-43B6-803D-41411F92652A}.Debug|Fusion-2.x.ActiveCfg = Debug|Win32
		{3BCB4C73-71F6-43B6-803D-41411F92652A}.Debug|Fusion-2.x.Build.0 = Debug|Win32
		{3BCB4C73-71F6-43B6-803D-41411F92652A}.Debug|Mixed Platforms.ActiveCfg = Debug|Win32
		{3BCB4C73-71F6-43B6-803D-41411F92652A}.Debug|Mixed Platforms.Build.0 = Debug|Win32
		{3BCB4C73-71F6-43B6-803D-41411F92652A}.Debug|Win32.ActiveCfg = Debug|Win32
		{3BCB4C73-71F6-43B6-803D-41411F92652A}.Debug|Win32.Build.0 = Debug|Win32
		{3BCB4C73-71F6-43B6-803D-41411F92652A}.Edittime HWA|Fusion-2.x.ActiveCfg = Edittime HWA|Win32
		{3BCB4C73-71F6-43B6-803D-41411F92652A}.Edittime HWA|Fusion-2.x.Build.0 = Edittime HWA|Win32
		{3BCB4C73-71F6-43B6-803D-41411F92652A}.Edittime HWA|Mixed Platforms.ActiveCfg = Edittime HWA|Win32
		{3BCB4C73-71F6-43B6-803D-41411F92652A}.Edittime HWA|Mixed Platforms.Build.0 = Edittime HWA|Win32
		{3BCB4C73-71F6-43B6-803D-41411F92652A}.Edittime HWA|Win32.ActiveCfg = Edittime HWA|Win32
		{3BCB4C73-71F6-43B6-803D-41411F92652A}.Edittime HWA|Win32.Build.0 = Edittime HWA|Win32
		{3BCB4C73-71F6-43B6-803D-41411F92652A}.Edittime Unicode|Fusion-2.x.ActiveCfg = Edittime Unicode|Win32
		{3BCB4C73-71F6-43B6-803D-41411F92652A}.Edittime Unicode|Fusion-2.x.Build.0 = Edittime Unicode|Win32
		{3BCB4C73-71F6-43B6-803D-41411F92652A}.Edittime Unicode|Mixed Platforms.ActiveCfg = Edittime Unicode|Win32
		{3BCB4C73-71F6-43B6-803D-41411F92652A}.Edittime Unicode|Mixed Platforms.Build.0 = Edittime Unicode|Win32
		{3BCB4C73-71F6-43B6-803D-41411F92652A}.Edittime Unicode|Win32.ActiveCfg = Edittime Unicode|Win32
		{3BCB4C73-71F6-43B6-803D-41411F92652A}.Edittime Unicode|Win32.Build.0 = Edittime Unicode|Win32
		{3BCB4C73-71F6-43B6-803D-41411F92652A}.Edittime|Fusion-2.x.ActiveCfg = Edittime|Win32
		{3BCB4C73-71F6-43B6-803D-41411F92652A}.Edittime|Fusion-2.x.Build.0 = Edittime|Win32
		{3BCB4C73-71F6-43B6-803D-41411F92652A}.Edittime|Mixed Platforms.ActiveCfg = Edittime|Win32
		{3BCB4C73-71F6-43B6-803D-41411F92652A}.Edittime|Mixed Platforms.Build.0 = Edittime|Win32
		{3BCB4C73-71F6-43B6-803D-41411F92652A}.Edittime|Win32.ActiveCfg = Edittime|Win32
		{3BCB4C73-71F6-43B6-803D-41411F92652A}.Edittime|Win32.Build.0 = Edittime|Win32
		{3BCB4C73-71F6-43B6-803D-41411F92652A}.Release|Fusion-2.x.ActiveCfg = Runtime|Win32
		{3BCB4C73-71F6-43B6-803D-41411F92652A}.Release|Mixed Platforms.ActiveCfg = Runtime|Win32
		{3BCB4C73-71F6-43B6-803D-41411F92652A}.Release|Mixed Platforms.Build.0 = Runtime|Win32
		{3BCB4C73-71F6-43B6-803D-41411F92652A}.Release|Win32.ActiveCfg = Runtime|Win32
		{3BCB4C73-71F6-43B6-803D-41411F92652A}.Release|Win32.Build.0 = Runtime|Win32
		{3BCB4C73-71F6-43B6-803D-41411F92652A}.Runtime HWA|Fusion-2.x.ActiveCfg = Runtime HWA|Win32
		{3BCB4C73-71F6-43B6-803D-41411F92652A}.Runtime HWA|Fusion-2.x.Build.0 = Runtime HWA|Win32
		{3BCB4C73-71F6-43B6-803D-41411F92652A}.Runtime HWA|Mixed Platforms.ActiveCfg = Runtime HWA|Win32
		{3BCB4C73-71F6-43B6-803D-41411F92652A}.Runtime HWA|Mixed Platforms.Build.0 = Runtime HWA|Win32
		{3BCB4C73-71F6-43B6-803D-41411F92652A}.Runtime HWA|Win32.ActiveCfg = Runtime HWA|Win32
		{3BCB4C73-71F6-43B6-803D-41411F92652A}.Runtime HWA|Win32.Build.0 = Runtime HWA|Win32
		{3BCB4C73-71F6-43B6-803D-41411F92652A}.Runtime Unicode|Fusion-2.x.ActiveCfg = Runtime Unicode|Win32
		{3BCB4C73-71F6-43B6-803D-41411F92652A}.Runtime Unicode|Fusion-2.x.Build.0 = Runtime Unicode|Win32
		{3BCB4C73-71F6-43B6-803D-41411F92652A}.Runtime Unicode|Mixed Platforms.ActiveCfg = Runtime Unicode|Win32
		{3BCB4C73-71F6-43B6-803D-41411F92652A}.Runtime Unicode|Mixed Platforms.Build.0 = Runtime Unicode|Win32
		{3BCB4C73-71F6-43B6-803D-41411F92652A}.Runtime Unicode|Win32.ActiveCfg = Runtime Unicode|Win32
		{3BCB4C73-71F6-43B6-803D-41411F92652A}.Runtime Unicode|Win32.Build.0 = Runtime Unicode|Win32
		{3BCB4C73-71F6-43B6-803D-41411F92652A}.Runtime|Fusion-2.x.ActiveCfg = Runtime|Win32
		{3BCB4C73-71F6-43B6-803D-41411F92652A}.Runtime|Fusion-2.x.Build.0 = Runtime|Win32
		{3BCB4C73-71F6-43B6-803D-41411F92652A}.Runtime|Mixed Platforms.ActiveCfg = Runtime|Win32
		{3BCB4C73-71F6-43B6-803D-41411F92652A}.Runtime|Mixed Platforms.Build.0 = Runtime|Win32
		{3BCB4C73-71F6-43B6-803D-41411F92652A}.Runtime|Win32.ActiveCfg = Runtime|Win32
		{3BCB4C73-71F6-43B6-803D-41411F92652A}.Runtime|Win32.Build.0 = Runtime|Win32
		{0A446326-A30E-4B42-9665-DCFE01455E86}.Debug HWA|Fusion-2.x.ActiveCfg = Debug|Win32
		{0A446326-A30E-4B42-9665-DCFE01455E86}.Debug HWA|Mixed Platforms.ActiveCfg = Debug|Win32
		{0A446326-A30E-4B42-9665-DCFE01455E86}.Debug HWA|Mixed Platforms.Build.0 = Debug|Win32
		{0A446326-A30E-4B42-9665-DCFE01455E86}.Debug HWA|Win32.ActiveCfg = Debug|Win32
		{0A446326-A30E-4B42-9665-DCFE01455E86}.Debug HWA|Win32.Build.0 = Debug|Win32
		{0A446326-A30E-4B42-9665-DCFE01455E86}.Debug Unicode|Fusion-2.x.ActiveCfg = Debug|Win32
		{0A446326-A30E-4B42-9665-DCFE01455E86}.Debug Unicode|Mixed Platforms.ActiveCfg = Debug|Win32
		{0A446326-A30E-4B42-9665-DCFE01455E86}.Debug Unicode|Mixed Platforms.Build.0 = Debug|Win32
		{0A446326-A30E-4B42-9665-DCFE01455E86}.Debug Unicode|Win32.ActiveCfg = Debug|Win32
		{0A446326-A30E-4B42-9665-DCFE01455E86}.Debug Unicode|Win32.Build.0 = Debug|Win32
		{0A446326-A30E-4B42-9665-DCFE01455E86}.Debug|Fusion-2.x.ActiveCfg = Debug|Win32
		{0A446326-A30E-4B42-9665-DCFE01455E86}.Debug|Mixed Platforms.ActiveCfg = Debug|Win32
		{0A446326-A30E-4B42-9665-DCFE01455E86}.Debug|Mixed Platforms.Build.0 = Debug|Win32
		{0A446326-A30E-4B42-9665-DCFE01455E86}.Debug|Win32.ActiveCfg = Debug|Win32
		{0A446326-A30E-4B42-9665-DCFE01455E86}.Debug|Win32.Build.0 = Debug|Win32
		{0A446326-A30E-4B42-9665-DCFE01455E86}.Edittime HWA|Fusion-2.x.ActiveCfg = Release|Win32
		{0A446326-A30E-4B42-9665-DCFE01455E86}.Edittime HWA|Mixed Platforms.ActiveCfg = Release|Win32
		{0A446326-A30E-4B42-9665-DCFE01455E86}.Edittime HWA|Mixed Platforms.Build.0 = Release|Win32
		{0A446326-A30E-4B42-9665-DCFE01455E86}.Edittime HWA|Win32.ActiveCfg = Release|Win32
		{0A446326-A30E-4B42-9665-DCFE01455E86}.Edittime HWA|Win32.Build.0 = Release|Win32
		{0A446326-A30E-4B42-9665-DCFE01455E86}.Edittime Unicode|Fusion-2.x.ActiveCfg = Release|Win32
		{0A446326-A30E-4B42-9665-DCFE01455E86}.Edittime Unicode|Mixed Platforms.ActiveCfg = Release|Win32
		{0A446326-A30E-4B42-9665-DCFE01455E86}.Edittime Unicode|Mixed Platforms.Build.0 = Release|Win32
		{0A446326-A30E-4B42-9665-DCFE01455E86}.Edittime Unicode|Win32.ActiveCfg = Release|Win32
		{0A446326-A30E-4B42-9665-DCFE01455E86}.Edittime Unicode|Win32.Build.0 = Release|Win32
		{0A446326-A30E-4B42-9665-DCFE01455E86}.Edittime|Fusion-2.x.ActiveCfg = Release|Win32
		{0A446326-A30E-4B42-9665-DCFE01455E86}.Edittime|Mixed Platforms.ActiveCfg = Release|Win32
		{0A446326-A30E-4B42-9665-DCFE01455E86}.Edittime|Mixed Platforms.Build.0 = Release|Win32
		{0A446326-A30E-4B42-9665-DCFE01455E86}.Edittime|Win32.ActiveCfg = Release|Win32
		{0A446326-A30E-4B42-9665-DCFE01455E86}.Edittime|Win32.Build.0 = Release|Win32
		{0A446326-A30E-4B42-9665-DCFE01455E86}.Release|Fusion-2.x.ActiveCfg = Release|Win32
		{0A446326-A30E-4B42-9665-DCFE01455E86}.Release|Mixed Platforms.ActiveCfg = Release|Win32
		{0A446326-A30E-4B42-9665-DCFE01455E86}.Release|Mixed Platforms.Build.0 = Release|Win32
		{0A446326-A30E-4B42-9665-DCFE01455E86}.Release|Win32.ActiveCfg = Release|Win32
		{0A446326-A30E-4B42-9665-DCFE01455E86}.Release|Win32.Build.0 = Release|Win32
		{0A446326-A30E-4B42-9665-DCFE01455E86}.Runtime HWA|Fusion-2.x.ActiveCfg = Release|Win32
		{0A446326-A30E-4B42-9665-DCFE01455E86}.Runtime HWA|Mixed Platforms.ActiveCfg = Release|Win32
		{0A446326-A30E-4B42-9665-DCFE01455E86}.Runtime HWA|Mixed Platforms.Build.0 = Release|Win32
		{0A446326-A30E-4B42-9665-DCFE01455E86}.Runtime HWA|Win32.ActiveCfg = Release|Win32
		{0A446326-A30E-4B42-9665-DCFE01455E86}.Runtime HWA|Win32.Build.0 = Release|Win32
		{0A446326-A30E-4B42-9665-DCFE01455E86}.Runtime Unicode|Fusion-2.x.ActiveCfg = Release|Win32
		{0A446326-A30E-4B42-9665-DCFE01455E86}.Runtime Unicode|Mixed Platforms.ActiveCfg = Release|Win32
		{0A446326-A30E-4B42-9665-DCFE01455E86}.Runtime Unicode|Mixed Platforms.Build.0 = Release|Win32
		{0A446326-A30E-4B42-9665-DCFE01455E86}.Runtime Unicode|Win32.ActiveCfg = Release|Win32
		{0A446326-A30E-4B42-9665-DCFE01455E86}.Runtime Unicode|Win32.Build.0 = Release|Win32
		{0A446326-A30E-4B42-9665-DCFE01455E86}.Runtime|Fusion-2.x.ActiveCfg = Release|Win32
		{0A446326-A30E-4B42-9665-DCFE01455E86}.Runtime|Mixed Platforms.ActiveCfg = Release|Win32
		{0A446326-A30E-4B42-9665-DCFE01455E86}.Runtime|Mixed Platforms.Build.0 = Release|Win32
		{0A446326-A30E-4B42-9665-DCFE01455E86}.Runtime|Win32.ActiveCfg = Release|Win32
		{0A446326-A30E-4B42-9665-DCFE01455E86}.Runtime|Win32.Build.0 = Release|Win32
	EndGlobalSection
	GlobalSection(SolutionProperties) = preSolution
		HideSolutionNode = FALSE
	EndGlobalSection
EndGlobal
